
Microsoft Visual Studio Solution File, Format Version 12.00
# Visual Studio 15
VisualStudioVersion = 15.0.28307.329
MinimumVisualStudioVersion = 10.0.40219.1
Project("{FAE04EC0-301F-11D3-BF4B-00C04F79EFBC}") = "Intro to ASP", "Intro to ASP\Intro to ASP.csproj", "{801162FC-4033-4451-B522-3CC80553BAD8}"
EndProject
Global
	GlobalSection(SolutionConfigurationPlatforms) = preSolution
		Debug|Any CPU = Debug|Any CPU
		Release|Any CPU = Release|Any CPU
	EndGlobalSection
	GlobalSection(ProjectConfigurationPlatforms) = postSolution
		{801162FC-4033-4451-B522-3CC80553BAD8}.Debug|Any CPU.ActiveCfg = Debug|Any CPU
		{801162FC-4033-4451-B522-3CC80553BAD8}.Debug|Any CPU.Build.0 = Debug|Any CPU
		{801162FC-4033-4451-B522-3CC80553BAD8}.Release|Any CPU.ActiveCfg = Release|Any CPU
		{801162FC-4033-4451-B522-3CC80553BAD8}.Release|Any CPU.Build.0 = Release|Any CPU
	EndGlobalSection
	GlobalSection(SolutionProperties) = preSolution
		HideSolutionNode = FALSE
	EndGlobalSection
	GlobalSection(ExtensibilityGlobals) = postSolution
		SolutionGuid = {0B744470-1963-4ECC-8C74-53BC27589C3D}
	EndGlobalSection
EndGlobal
